
Microsoft Visual Studio Solution File, Format Version 12.00
# Visual Studio 15
VisualStudioVersion = 15.0.27703.2035
MinimumVisualStudioVersion = 10.0.40219.1
Project("{8BC9CEB8-8B4A-11D0-8D11-00A0C91BC942}") = "Chapter3", "Chapter3\Chapter3.vcxproj", "{7F503155-F26E-43C7-A6FB-2B0EE0A3C13D}"
EndProject
Global
	GlobalSection(SolutionConfigurationPlatforms) = preSolution
		Debug|x64 = Debug|x64
		Debug|x86 = Debug|x86
		Release|x64 = Release|x64
		Release|x86 = Release|x86
	EndGlobalSection
	GlobalSection(ProjectConfigurationPlatforms) = postSolution
		{7F503155-F26E-43C7-A6FB-2B0EE0A3C13D}.Debug|x64.ActiveCfg = Debug|x64
		{7F503155-F26E-43C7-A6FB-2B0EE0A3C13D}.Debug|x64.Build.0 = Debug|x64
		{7F503155-F26E-43C7-A6FB-2B0EE0A3C13D}.Debug|x86.ActiveCfg = Debug|Win32
		{7F503155-F26E-43C7-A6FB-2B0EE0A3C13D}.Debug|x86.Build.0 = Debug|Win32
		{7F503155-F26E-43C7-A6FB-2B0EE0A3C13D}.Release|x64.ActiveCfg = Release|x64
		{7F503155-F26E-43C7-A6FB-2B0EE0A3C13D}.Release|x64.Build.0 = Release|x64
		{7F503155-F26E-43C7-A6FB-2B0EE0A3C13D}.Release|x86.ActiveCfg = Release|Win32
		{7F503155-F26E-43C7-A6FB-2B0EE0A3C13D}.Release|x86.Build.0 = Release|Win32
	EndGlobalSection
	GlobalSection(SolutionProperties) = preSolution
		HideSolutionNode = FALSE
	EndGlobalSection
	GlobalSection(ExtensibilityGlobals) = postSolution
		SolutionGuid = {AD28FF0A-6D69-4C0C-8B39-8123ABF9A413}
	EndGlobalSection
EndGlobal
