
Microsoft Visual Studio Solution File, Format Version 12.00
# Visual Studio 15
VisualStudioVersion = 15.0.27703.2047
MinimumVisualStudioVersion = 10.0.40219.1
Project("{8BC9CEB8-8B4A-11D0-8D11-00A0C91BC942}") = "Chapter9.1", "Chapter9.1\Chapter9.1.vcxproj", "{6D49D01A-D33F-4D3A-BBDC-161DBB4ECDCE}"
EndProject
Global
	GlobalSection(SolutionConfigurationPlatforms) = preSolution
		Debug|x64 = Debug|x64
		Debug|x86 = Debug|x86
		Release|x64 = Release|x64
		Release|x86 = Release|x86
	EndGlobalSection
	GlobalSection(ProjectConfigurationPlatforms) = postSolution
		{6D49D01A-D33F-4D3A-BBDC-161DBB4ECDCE}.Debug|x64.ActiveCfg = Debug|x64
		{6D49D01A-D33F-4D3A-BBDC-161DBB4ECDCE}.Debug|x64.Build.0 = Debug|x64
		{6D49D01A-D33F-4D3A-BBDC-161DBB4ECDCE}.Debug|x86.ActiveCfg = Debug|Win32
		{6D49D01A-D33F-4D3A-BBDC-161DBB4ECDCE}.Debug|x86.Build.0 = Debug|Win32
		{6D49D01A-D33F-4D3A-BBDC-161DBB4ECDCE}.Release|x64.ActiveCfg = Release|x64
		{6D49D01A-D33F-4D3A-BBDC-161DBB4ECDCE}.Release|x64.Build.0 = Release|x64
		{6D49D01A-D33F-4D3A-BBDC-161DBB4ECDCE}.Release|x86.ActiveCfg = Release|Win32
		{6D49D01A-D33F-4D3A-BBDC-161DBB4ECDCE}.Release|x86.Build.0 = Release|Win32
	EndGlobalSection
	GlobalSection(SolutionProperties) = preSolution
		HideSolutionNode = FALSE
	EndGlobalSection
	GlobalSection(ExtensibilityGlobals) = postSolution
		SolutionGuid = {F295DEA6-2BDB-4603-AB90-399CE4F45F98}
	EndGlobalSection
EndGlobal
