
Microsoft Visual Studio Solution File, Format Version 12.00
# Visual Studio 15
VisualStudioVersion = 15.0.28010.2036
MinimumVisualStudioVersion = 10.0.40219.1
Project("{8BC9CEB8-8B4A-11D0-8D11-00A0C91BC942}") = "Ex10.1", "Ex10.1\Ex10.1.vcxproj", "{70B14290-B060-4F2F-A6BB-D915AD7AA27C}"
EndProject
Global
	GlobalSection(SolutionConfigurationPlatforms) = preSolution
		Debug|x64 = Debug|x64
		Debug|x86 = Debug|x86
		Release|x64 = Release|x64
		Release|x86 = Release|x86
	EndGlobalSection
	GlobalSection(ProjectConfigurationPlatforms) = postSolution
		{70B14290-B060-4F2F-A6BB-D915AD7AA27C}.Debug|x64.ActiveCfg = Debug|x64
		{70B14290-B060-4F2F-A6BB-D915AD7AA27C}.Debug|x64.Build.0 = Debug|x64
		{70B14290-B060-4F2F-A6BB-D915AD7AA27C}.Debug|x86.ActiveCfg = Debug|Win32
		{70B14290-B060-4F2F-A6BB-D915AD7AA27C}.Debug|x86.Build.0 = Debug|Win32
		{70B14290-B060-4F2F-A6BB-D915AD7AA27C}.Release|x64.ActiveCfg = Release|x64
		{70B14290-B060-4F2F-A6BB-D915AD7AA27C}.Release|x64.Build.0 = Release|x64
		{70B14290-B060-4F2F-A6BB-D915AD7AA27C}.Release|x86.ActiveCfg = Release|Win32
		{70B14290-B060-4F2F-A6BB-D915AD7AA27C}.Release|x86.Build.0 = Release|Win32
	EndGlobalSection
	GlobalSection(SolutionProperties) = preSolution
		HideSolutionNode = FALSE
	EndGlobalSection
	GlobalSection(ExtensibilityGlobals) = postSolution
		SolutionGuid = {2FA001D6-506E-47A9-A520-8180B6BCDE63}
	EndGlobalSection
EndGlobal
